
Microsoft Visual Studio Solution File, Format Version 12.00
# Visual Studio 15
VisualStudioVersion = 15.0.28307.489
MinimumVisualStudioVersion = 10.0.40219.1
Project("{FAE04EC0-301F-11D3-BF4B-00C04F79EFBC}") = "TicketMasterApiApp", "TicketMasterApiApp\TicketMasterApiApp.csproj", "{CF999CEC-67BC-46BA-A105-672C8D1BDD0B}"
EndProject
Global
	GlobalSection(SolutionConfigurationPlatforms) = preSolution
		Debug|Any CPU = Debug|Any CPU
		Release|Any CPU = Release|Any CPU
	EndGlobalSection
	GlobalSection(ProjectConfigurationPlatforms) = postSolution
		{CF999CEC-67BC-46BA-A105-672C8D1BDD0B}.Debug|Any CPU.ActiveCfg = Debug|Any CPU
		{CF999CEC-67BC-46BA-A105-672C8D1BDD0B}.Debug|Any CPU.Build.0 = Debug|Any CPU
		{CF999CEC-67BC-46BA-A105-672C8D1BDD0B}.Release|Any CPU.ActiveCfg = Release|Any CPU
		{CF999CEC-67BC-46BA-A105-672C8D1BDD0B}.Release|Any CPU.Build.0 = Release|Any CPU
	EndGlobalSection
	GlobalSection(SolutionProperties) = preSolution
		HideSolutionNode = FALSE
	EndGlobalSection
	GlobalSection(ExtensibilityGlobals) = postSolution
		SolutionGuid = {EC978AAA-14D2-4548-BB64-22B4F0E29693}
	EndGlobalSection
EndGlobal
